// !$*UTF8*$!
{
	archiveVersion = 1;
	classes = {
	};
	objectVersion = 50;
	objects = {

/* Begin PBXBuildFile section */
		18EDB2B423A2122C007033AA /* AppDelegate.m in Sources */ = {isa = PBXBuildFile; fileRef = 18EDB2B323A2122C007033AA /* AppDelegate.m */; };
		18EDB2BA23A2122C007033AA /* ViewController.m in Sources */ = {isa = PBXBuildFile; fileRef = 18EDB2B923A2122C007033AA /* ViewController.m */; };
		18EDB2BD23A2122C007033AA /* Main.storyboard in Resources */ = {isa = PBXBuildFile; fileRef = 18EDB2BB23A2122C007033AA /* Main.storyboard */; };
		18EDB2BF23A2122C007033AA /* Assets.xcassets in Resources */ = {isa = PBXBuildFile; fileRef = 18EDB2BE23A2122C007033AA /* Assets.xcassets */; };
		18EDB2C223A2122C007033AA /* LaunchScreen.storyboard in Resources */ = {isa = PBXBuildFile; fileRef = 18EDB2C023A2122C007033AA /* LaunchScreen.storyboard */; };
		18EDB2C523A2122C007033AA /* main.m in Sources */ = {isa = PBXBuildFile; fileRef = 18EDB2C423A2122C007033AA /* main.m */; };
		18EDB2CE23A212B3007033AA /* LX_AVSeparation.m in Sources */ = {isa = PBXBuildFile; fileRef = 18EDB2CD23A212B3007033AA /* LX_AVSeparation.m */; };
/* End PBXBuildFile section */

/* Begin PBXFileReference section */
		18EDB2AF23A2122C007033AA /* AVSeparation.app */ = {isa = PBXFileReference; explicitFileType = wrapper.application; includeInIndex = 0; path = AVSeparation.app; sourceTree = BUILT_PRODUCTS_DIR; };
		18EDB2B223A2122C007033AA /* AppDelegate.h */ = {isa = PBXFileReference; lastKnownFileType = sourcecode.c.h; path = AppDelegate.h; sourceTree = "<group>"; };
		18EDB2B323A2122C007033AA /* AppDelegate.m */ = {isa = PBXFileReference; lastKnownFileType = sourcecode.c.objc; path = AppDelegate.m; sourceTree = "<group>"; };
		18EDB2B823A2122C007033AA /* ViewController.h */ = {isa = PBXFileReference; lastKnownFileType = sourcecode.c.h; path = ViewController.h; sourceTree = "<group>"; };
		18EDB2B923A2122C007033AA /* ViewController.m */ = {isa = PBXFileReference; lastKnownFileType = sourcecode.c.objc; path = ViewController.m; sourceTree = "<group>"; };
		18EDB2BC23A2122C007033AA /* Base */ = {isa = PBXFileReference; lastKnownFileType = file.storyboard; name = Base; path = Base.lproj/Main.storyboard; sourceTree = "<group>"; };
		18EDB2BE23A2122C007033AA /* Assets.xcassets */ = {isa = PBXFileReference; lastKnownFileType = folder.assetcatalog; path = Assets.xcassets; sourceTree = "<group>"; };
		18EDB2C123A2122C007033AA /* Base */ = {isa = PBXFileReference; lastKnownFileType = file.storyboard; name = Base; path = Base.lproj/LaunchScreen.storyboard; sourceTree = "<group>"; };
		18EDB2C323A2122C007033AA /* Info.plist */ = {isa = PBXFileReference; lastKnownFileType = text.plist.xml; path = Info.plist; sourceTree = "<group>"; };
		18EDB2C423A2122C007033AA /* main.m */ = {isa = PBXFileReference; lastKnownFileType = sourcecode.c.objc; path = main.m; sourceTree = "<group>"; };
		18EDB2CC23A212B3007033AA /* LX_AVSeparation.h */ = {isa = PBXFileReference; lastKnownFileType = sourcecode.c.h; path = LX_AVSeparation.h; sourceTree = "<group>"; };
		18EDB2CD23A212B3007033AA /* LX_AVSeparation.m */ = {isa = PBXFileReference; lastKnownFileType = sourcecode.c.objc; path = LX_AVSeparation.m; sourceTree = "<group>"; };
/* End PBXFileReference section */

/* Begin PBXFrameworksBuildPhase section */
		18EDB2AC23A2122C007033AA /* Frameworks */ = {
			isa = PBXFrameworksBuildPhase;
			buildActionMask = 2147483647;
			files = (
			);
			runOnlyForDeploymentPostprocessing = 0;
		};
/* End PBXFrameworksBuildPhase section */

/* Begin PBXGroup section */
		18EDB2A623A2122C007033AA = {
			isa = PBXGroup;
			children = (
				18EDB2B123A2122C007033AA /* AVSeparation */,
				18EDB2B023A2122C007033AA /* Products */,
			);
			sourceTree = "<group>";
		};
		18EDB2B023A2122C007033AA /* Products */ = {
			isa = PBXGroup;
			children = (
				18EDB2AF23A2122C007033AA /* AVSeparation.app */,
			);
			name = Products;
			sourceTree = "<group>";
		};
		18EDB2B123A2122C007033AA /* AVSeparation */ = {
			isa = PBXGroup;
			children = (
				18EDB2B223A2122C007033AA /* AppDelegate.h */,
				18EDB2B323A2122C007033AA /* AppDelegate.m */,
				18EDB2B823A2122C007033AA /* ViewController.h */,
				18EDB2B923A2122C007033AA /* ViewController.m */,
				18EDB2CB23A21249007033AA /* AVSeparationClass */,
				18EDB2BB23A2122C007033AA /* Main.storyboard */,
				18EDB2BE23A2122C007033AA /* Assets.xcassets */,
				18EDB2C023A2122C007033AA /* LaunchScreen.storyboard */,
				18EDB2C323A2122C007033AA /* Info.plist */,
				18EDB2C423A2122C007033AA /* main.m */,
			);
			path = AVSeparation;
			sourceTree = "<group>";
		};
		18EDB2CB23A21249007033AA /* AVSeparationClass */ = {
			isa = PBXGroup;
			children = (
				18EDB2CC23A212B3007033AA /* LX_AVSeparation.h */,
				18EDB2CD23A212B3007033AA /* LX_AVSeparation.m */,
			);
			path = AVSeparationClass;
			sourceTree = "<group>";
		};
/* End PBXGroup section */

/* Begin PBXNativeTarget section */
		18EDB2AE23A2122C007033AA /* AVSeparation */ = {
			isa = PBXNativeTarget;
			buildConfigurationList = 18EDB2C823A2122C007033AA /* Build configuration list for PBXNativeTarget "AVSeparation" */;
			buildPhases = (
				18EDB2AB23A2122C007033AA /* Sources */,
				18EDB2AC23A2122C007033AA /* Frameworks */,
				18EDB2AD23A2122C007033AA /* Resources */,
			);
			buildRules = (
			);
			dependencies = (
			);
			name = AVSeparation;
			productName = AVSeparation;
			productReference = 18EDB2AF23A2122C007033AA /* AVSeparation.app */;
			productType = "com.apple.product-type.application";
		};
/* End PBXNativeTarget section */

/* Begin PBXProject section */
		18EDB2A723A2122C007033AA /* Project object */ = {
			isa = PBXProject;
			attributes = {
				LastUpgradeCheck = 1100;
				ORGANIZATIONNAME = apple;
				TargetAttributes = {
					18EDB2AE23A2122C007033AA = {
						CreatedOnToolsVersion = 11.0;
					};
				};
			};
			buildConfigurationList = 18EDB2AA23A2122C007033AA /* Build configuration list for PBXProject "AVSeparation" */;
			compatibilityVersion = "Xcode 9.3";
			developmentRegion = en;
			hasScannedForEncodings = 0;
			knownRegions = (
				en,
				Base,
			);
			mainGroup = 18EDB2A623A2122C007033AA;
			productRefGroup = 18EDB2B023A2122C007033AA /* Products */;
			projectDirPath = "";
			projectRoot = "";
			targets = (
				18EDB2AE23A2122C007033AA /* AVSeparation */,
			);
		};
/* End PBXProject section */

/* Begin PBXResourcesBuildPhase section */
		18EDB2AD23A2122C007033AA /* Resources */ = {
			isa = PBXResourcesBuildPhase;
			buildActionMask = 2147483647;
			files = (
				18EDB2C223A2122C007033AA /* LaunchScreen.storyboard in Resources */,
				18EDB2BF23A2122C007033AA /* Assets.xcassets in Resources */,
				18EDB2BD23A2122C007033AA /* Main.storyboard in Resources */,
			);
			runOnlyForDeploymentPostprocessing = 0;
		};
/* End PBXResourcesBuildPhase section */

/* Begin PBXSourcesBuildPhase section */
		18EDB2AB23A2122C007033AA /* Sources */ = {
			isa = PBXSourcesBuildPhase;
			buildActionMask = 2147483647;
			files = (
				18EDB2CE23A212B3007033AA /* LX_AVSeparation.m in Sources */,
				18EDB2BA23A2122C007033AA /* ViewController.m in Sources */,
				18EDB2B423A2122C007033AA /* AppDelegate.m in Sources */,
				18EDB2C523A2122C007033AA /* main.m in Sources */,
			);
			runOnlyForDeploymentPostprocessing = 0;
		};
/* End PBXSourcesBuildPhase section */

/* Begin PBXVariantGroup section */
		18EDB2BB23A2122C007033AA /* Main.storyboard */ = {
			isa = PBXVariantGroup;
			children = (
				18EDB2BC23A2122C007033AA /* Base */,
			);
			name = Main.storyboard;
			sourceTree = "<group>";
		};
		18EDB2C023A2122C007033AA /* LaunchScreen.storyboard */ = {
			isa = PBXVariantGroup;
			children = (
				18EDB2C123A2122C007033AA /* Base */,
			);
			name = LaunchScreen.storyboard;
			sourceTree = "<group>";
		};
/* End PBXVariantGroup section */

/* Begin XCBuildConfiguration section */
		18EDB2C623A2122C007033AA /* Debug */ = {
			isa = XCBuildConfiguration;
			buildSettings = {
				ALWAYS_SEARCH_USER_PATHS = NO;
				CLANG_ANALYZER_NONNULL = YES;
				CLANG_ANALYZER_NUMBER_OBJECT_CONVERSION = YES_AGGRESSIVE;
				CLANG_CXX_LANGUAGE_STANDARD = "gnu++14";
				CLANG_CXX_LIBRARY = "libc++";
				CLANG_ENABLE_MODULES = YES;
				CLANG_ENABLE_OBJC_ARC = YES;
				CLANG_ENABLE_OBJC_WEAK = YES;
				CLANG_WARN_BLOCK_CAPTURE_AUTORELEASING = YES;
				CLANG_WARN_BOOL_CONVERSION = YES;
				CLANG_WARN_COMMA = YES;
				CLANG_WARN_CONSTANT_CONVERSION = YES;
				CLANG_WARN_DEPRECATED_OBJC_IMPLEMENTATIONS = YES;
				CLANG_WARN_DIRECT_OBJC_ISA_USAGE = YES_ERROR;
				CLANG_WARN_DOCUMENTATION_COMMENTS = YES;
				CLANG_WARN_EMPTY_BODY = YES;
				CLANG_WARN_ENUM_CONVERSION = YES;
				CLANG_WARN_INFINITE_RECURSION = YES;
				CLANG_WARN_INT_CONVERSION = YES;
				CLANG_WARN_NON_LITERAL_NULL_CONVERSION = YES;
				CLANG_WARN_OBJC_IMPLICIT_RETAIN_SELF = YES;
				CLANG_WARN_OBJC_LITERAL_CONVERSION = YES;
				CLANG_WARN_OBJC_ROOT_CLASS = YES_ERROR;
				CLANG_WARN_RANGE_LOOP_ANALYSIS = YES;
				CLANG_WARN_STRICT_PROTOTYPES = YES;
				CLANG_WARN_SUSPICIOUS_MOVE = YES;
				CLANG_WARN_UNGUARDED_AVAILABILITY = YES_AGGRESSIVE;
				CLANG_WARN_UNREACHABLE_CODE = YES;
				CLANG_WARN__DUPLICATE_METHOD_MATCH = YES;
				COPY_PHASE_STRIP = NO;
				DEBUG_INFORMATION_FORMAT = dwarf;
				ENABLE_STRICT_OBJC_MSGSEND = YES;
				ENABLE_TESTABILITY = YES;
				GCC_C_LANGUAGE_STANDARD = gnu11;
				GCC_DYNAMIC_NO_PIC = NO;
				GCC_NO_COMMON_BLOCKS = YES;
				GCC_OPTIMIZATION_LEVEL = 0;
				GCC_PREPROCESSOR_DEFINITIONS = (
					"DEBUG=1",
					"$(inherited)",
				);
				GCC_WARN_64_TO_32_BIT_CONVERSION = YES;
				GCC_WARN_ABOUT_RETURN_TYPE = YES_ERROR;
				GCC_WARN_UNDECLARED_SELECTOR = YES;
				GCC_WARN_UNINITIALIZED_AUTOS = YES_AGGRESSIVE;
				GCC_WARN_UNUSED_FUNCTION = YES;
				GCC_WARN_UNUSED_VARIABLE = YES;
				IPHONEOS_DEPLOYMENT_TARGET = 13.0;
				MTL_ENABLE_DEBUG_INFO = INCLUDE_SOURCE;
				MTL_FAST_MATH = YES;
				ONLY_ACTIVE_ARCH = YES;
				SDKROOT = iphoneos;
			};
			name = Debug;
		};
		18EDB2C723A2122C007033AA /* Release */ = {
			isa = XCBuildConfiguration;
			buildSettings = {
				ALWAYS_SEARCH_USER_PATHS = NO;
				CLANG_ANALYZER_NONNULL = YES;
				CLANG_ANALYZER_NUMBER_OBJECT_CONVERSION = YES_AGGRESSIVE;
				CLANG_CXX_LANGUAGE_STANDARD = "gnu++14";
				CLANG_CXX_LIBRARY = "libc++";
				CLANG_ENABLE_MODULES = YES;
				CLANG_ENABLE_OBJC_ARC = YES;
				CLANG_ENABLE_OBJC_WEAK = YES;
				CLANG_WARN_BLOCK_CAPTURE_AUTORELEASING = YES;
				CLANG_WARN_BOOL_CONVERSION = YES;
				CLANG_WARN_COMMA = YES;
				CLANG_WARN_CONSTANT_CONVERSION = YES;
				CLANG_WARN_DEPRECATED_OBJC_IMPLEMENTATIONS = YES;
				CLANG_WARN_DIRECT_OBJC_ISA_USAGE = YES_ERROR;
				CLANG_WARN_DOCUMENTATION_COMMENTS = YES;
				CLANG_WARN_EMPTY_BODY = YES;
				CLANG_WARN_ENUM_CONVERSION = YES;
				CLANG_WARN_INFINITE_RECURSION = YES;
				CLANG_WARN_INT_CONVERSION = YES;
				CLANG_WARN_NON_LITERAL_NULL_CONVERSION = YES;
				CLANG_WARN_OBJC_IMPLICIT_RETAIN_SELF = YES;
				CLANG_WARN_OBJC_LITERAL_CONVERSION = YES;
				CLANG_WARN_OBJC_ROOT_CLASS = YES_ERROR;
				CLANG_WARN_RANGE_LOOP_ANALYSIS = YES;
				CLANG_WARN_STRICT_PROTOTYPES = YES;
				CLANG_WARN_SUSPICIOUS_MOVE = YES;
				CLANG_WARN_UNGUARDED_AVAILABILITY = YES_AGGRESSIVE;
				CLANG_WARN_UNREACHABLE_CODE = YES;
				CLANG_WARN__DUPLICATE_METHOD_MATCH = YES;
				COPY_PHASE_STRIP = NO;
				DEBUG_INFORMATION_FORMAT = "dwarf-with-dsym";
				ENABLE_NS_ASSERTIONS = NO;
				ENABLE_STRICT_OBJC_MSGSEND = YES;
				GCC_C_LANGUAGE_STANDARD = gnu11;
				GCC_NO_COMMON_BLOCKS = YES;
				GCC_WARN_64_TO_32_BIT_CONVERSION = YES;
				GCC_WARN_ABOUT_RETURN_TYPE = YES_ERROR;
				GCC_WARN_UNDECLARED_SELECTOR = YES;
				GCC_WARN_UNINITIALIZED_AUTOS = YES_AGGRESSIVE;
				GCC_WARN_UNUSED_FUNCTION = YES;
				GCC_WARN_UNUSED_VARIABLE = YES;
				IPHONEOS_DEPLOYMENT_TARGET = 13.0;
				MTL_ENABLE_DEBUG_INFO = NO;
				MTL_FAST_MATH = YES;
				SDKROOT = iphoneos;
				VALIDATE_PRODUCT = YES;
			};
			name = Release;
		};
		18EDB2C923A2122C007033AA /* Debug */ = {
			isa = XCBuildConfiguration;
			buildSettings = {
				ASSETCATALOG_COMPILER_APPICON_NAME = AppIcon;
				CODE_SIGN_STYLE = Automatic;
				DEVELOPMENT_TEAM = TCJ9QY6H47;
				INFOPLIST_FILE = AVSeparation/Info.plist;
				LD_RUNPATH_SEARCH_PATHS = (
					"$(inherited)",
					"@executable_path/Frameworks",
				);
				PRODUCT_BUNDLE_IDENTIFIER = Futures.AVSeparation;
				PRODUCT_NAME = "$(TARGET_NAME)";
				TARGETED_DEVICE_FAMILY = "1,2";
			};
			name = Debug;
		};
		18EDB2CA23A2122C007033AA /* Release */ = {
			isa = XCBuildConfiguration;
			buildSettings = {
				ASSETCATALOG_COMPILER_APPICON_NAME = AppIcon;
				CODE_SIGN_STYLE = Automatic;
				DEVELOPMENT_TEAM = TCJ9QY6H47;
				INFOPLIST_FILE = AVSeparation/Info.plist;
				LD_RUNPATH_SEARCH_PATHS = (
					"$(inherited)",
					"@executable_path/Frameworks",
				);
				PRODUCT_BUNDLE_IDENTIFIER = Futures.AVSeparation;
				PRODUCT_NAME = "$(TARGET_NAME)";
				TARGETED_DEVICE_FAMILY = "1,2";
			};
			name = Release;
		};
/* End XCBuildConfiguration section */

/* Begin XCConfigurationList section */
		18EDB2AA23A2122C007033AA /* Build configuration list for PBXProject "AVSeparation" */ = {
			isa = XCConfigurationList;
			buildConfigurations = (
				18EDB2C623A2122C007033AA /* Debug */,
				18EDB2C723A2122C007033AA /* Release */,
			);
			defaultConfigurationIsVisible = 0;
			defaultConfigurationName = Release;
		};
		18EDB2C823A2122C007033AA /* Build configuration list for PBXNativeTarget "AVSeparation" */ = {
			isa = XCConfigurationList;
			buildConfigurations = (
				18EDB2C923A2122C007033AA /* Debug */,
				18EDB2CA23A2122C007033AA /* Release */,
			);
			defaultConfigurationIsVisible = 0;
			defaultConfigurationName = Release;
		};
/* End XCConfigurationList section */
	};
	rootObject = 18EDB2A723A2122C007033AA /* Project object */;
}
