// !$*UTF8*$!
{
	archiveVersion = 1;
	classes = {
	};
	objectVersion = 50;
	objects = {

/* Begin PBXBuildFile section */
		8516524821F0776C0001C294 /* AppDelegate.m in Sources */ = {isa = PBXBuildFile; fileRef = 8516524721F0776C0001C294 /* AppDelegate.m */; };
		8516524B21F0776C0001C294 /* ViewController.m in Sources */ = {isa = PBXBuildFile; fileRef = 8516524A21F0776C0001C294 /* ViewController.m */; };
		8516524E21F0776C0001C294 /* Main.storyboard in Resources */ = {isa = PBXBuildFile; fileRef = 8516524C21F0776C0001C294 /* Main.storyboard */; };
		8516525021F0776F0001C294 /* Assets.xcassets in Resources */ = {isa = PBXBuildFile; fileRef = 8516524F21F0776F0001C294 /* Assets.xcassets */; };
		8516525321F077700001C294 /* LaunchScreen.storyboard in Resources */ = {isa = PBXBuildFile; fileRef = 8516525121F077700001C294 /* LaunchScreen.storyboard */; };
		8516525621F077700001C294 /* main.m in Sources */ = {isa = PBXBuildFile; fileRef = 8516525521F077700001C294 /* main.m */; };
		851652DD21F0793B0001C294 /* ringModel.m in Sources */ = {isa = PBXBuildFile; fileRef = 851652D921F0793B0001C294 /* ringModel.m */; };
		851652DE21F0793B0001C294 /* RingManager.m in Sources */ = {isa = PBXBuildFile; fileRef = 851652DA21F0793B0001C294 /* RingManager.m */; };
		851652E221F079A80001C294 /* libiconv.tbd in Frameworks */ = {isa = PBXBuildFile; fileRef = 851652E121F079A80001C294 /* libiconv.tbd */; };
		851652E421F079C20001C294 /* libbz2.tbd in Frameworks */ = {isa = PBXBuildFile; fileRef = 851652E321F079C20001C294 /* libbz2.tbd */; };
		851652E621F079CE0001C294 /* libz.tbd in Frameworks */ = {isa = PBXBuildFile; fileRef = 851652E521F079CE0001C294 /* libz.tbd */; };
/* End PBXBuildFile section */

/* Begin PBXFileReference section */
		8516524321F0776C0001C294 /* 提取视频中的音频.app */ = {isa = PBXFileReference; explicitFileType = wrapper.application; includeInIndex = 0; path = "提取视频中的音频.app"; sourceTree = BUILT_PRODUCTS_DIR; };
		8516524621F0776C0001C294 /* AppDelegate.h */ = {isa = PBXFileReference; lastKnownFileType = sourcecode.c.h; path = AppDelegate.h; sourceTree = "<group>"; };
		8516524721F0776C0001C294 /* AppDelegate.m */ = {isa = PBXFileReference; lastKnownFileType = sourcecode.c.objc; path = AppDelegate.m; sourceTree = "<group>"; };
		8516524921F0776C0001C294 /* ViewController.h */ = {isa = PBXFileReference; lastKnownFileType = sourcecode.c.h; path = ViewController.h; sourceTree = "<group>"; };
		8516524A21F0776C0001C294 /* ViewController.m */ = {isa = PBXFileReference; lastKnownFileType = sourcecode.c.objc; path = ViewController.m; sourceTree = "<group>"; };
		8516524D21F0776C0001C294 /* Base */ = {isa = PBXFileReference; lastKnownFileType = file.storyboard; name = Base; path = Base.lproj/Main.storyboard; sourceTree = "<group>"; };
		8516524F21F0776F0001C294 /* Assets.xcassets */ = {isa = PBXFileReference; lastKnownFileType = folder.assetcatalog; path = Assets.xcassets; sourceTree = "<group>"; };
		8516525221F077700001C294 /* Base */ = {isa = PBXFileReference; lastKnownFileType = file.storyboard; name = Base; path = Base.lproj/LaunchScreen.storyboard; sourceTree = "<group>"; };
		8516525421F077700001C294 /* Info.plist */ = {isa = PBXFileReference; lastKnownFileType = text.plist.xml; path = Info.plist; sourceTree = "<group>"; };
		8516525521F077700001C294 /* main.m */ = {isa = PBXFileReference; lastKnownFileType = sourcecode.c.objc; path = main.m; sourceTree = "<group>"; };
		851652D921F0793B0001C294 /* ringModel.m */ = {isa = PBXFileReference; fileEncoding = 4; lastKnownFileType = sourcecode.c.objc; path = ringModel.m; sourceTree = "<group>"; };
		851652DA21F0793B0001C294 /* RingManager.m */ = {isa = PBXFileReference; fileEncoding = 4; lastKnownFileType = sourcecode.c.objc; path = RingManager.m; sourceTree = "<group>"; };
		851652DB21F0793B0001C294 /* ringModel.h */ = {isa = PBXFileReference; fileEncoding = 4; lastKnownFileType = sourcecode.c.h; path = ringModel.h; sourceTree = "<group>"; };
		851652DC21F0793B0001C294 /* RingManager.h */ = {isa = PBXFileReference; fileEncoding = 4; lastKnownFileType = sourcecode.c.h; path = RingManager.h; sourceTree = "<group>"; };
		851652DF21F0796F0001C294 /* PrefixHeader.pch */ = {isa = PBXFileReference; lastKnownFileType = sourcecode.c.h; path = PrefixHeader.pch; sourceTree = "<group>"; };
		851652E121F079A80001C294 /* libiconv.tbd */ = {isa = PBXFileReference; lastKnownFileType = "sourcecode.text-based-dylib-definition"; name = libiconv.tbd; path = usr/lib/libiconv.tbd; sourceTree = SDKROOT; };
		851652E321F079C20001C294 /* libbz2.tbd */ = {isa = PBXFileReference; lastKnownFileType = "sourcecode.text-based-dylib-definition"; name = libbz2.tbd; path = usr/lib/libbz2.tbd; sourceTree = SDKROOT; };
		851652E521F079CE0001C294 /* libz.tbd */ = {isa = PBXFileReference; lastKnownFileType = "sourcecode.text-based-dylib-definition"; name = libz.tbd; path = usr/lib/libz.tbd; sourceTree = SDKROOT; };
/* End PBXFileReference section */

/* Begin PBXFrameworksBuildPhase section */
		8516524021F0776C0001C294 /* Frameworks */ = {
			isa = PBXFrameworksBuildPhase;
			buildActionMask = 2147483647;
			files = (
				851652E621F079CE0001C294 /* libz.tbd in Frameworks */,
				851652E421F079C20001C294 /* libbz2.tbd in Frameworks */,
				851652E221F079A80001C294 /* libiconv.tbd in Frameworks */,
			);
			runOnlyForDeploymentPostprocessing = 0;
		};
/* End PBXFrameworksBuildPhase section */

/* Begin PBXGroup section */
		8516523A21F0776C0001C294 = {
			isa = PBXGroup;
			children = (
				8516524521F0776C0001C294 /* 提取视频中的音频 */,
				8516524421F0776C0001C294 /* Products */,
				851652E021F079A70001C294 /* Frameworks */,
			);
			sourceTree = "<group>";
		};
		8516524421F0776C0001C294 /* Products */ = {
			isa = PBXGroup;
			children = (
				8516524321F0776C0001C294 /* 提取视频中的音频.app */,
			);
			name = Products;
			sourceTree = "<group>";
		};
		8516524521F0776C0001C294 /* 提取视频中的音频 */ = {
			isa = PBXGroup;
			children = (
				8516524621F0776C0001C294 /* AppDelegate.h */,
				8516524721F0776C0001C294 /* AppDelegate.m */,
				8516524921F0776C0001C294 /* ViewController.h */,
				8516524A21F0776C0001C294 /* ViewController.m */,
				851652DF21F0796F0001C294 /* PrefixHeader.pch */,
				851652D821F0793B0001C294 /* VideoProcessing */,
				8516525C21F077E00001C294 /* 需要的第三方 */,
				8516524C21F0776C0001C294 /* Main.storyboard */,
				8516524F21F0776F0001C294 /* Assets.xcassets */,
				8516525121F077700001C294 /* LaunchScreen.storyboard */,
				8516525421F077700001C294 /* Info.plist */,
				8516525521F077700001C294 /* main.m */,
			);
			path = "提取视频中的音频";
			sourceTree = "<group>";
		};
		8516525C21F077E00001C294 /* 需要的第三方 */ = {
			isa = PBXGroup;
			children = (
			);
			path = "需要的第三方";
			sourceTree = "<group>";
		};
		851652D821F0793B0001C294 /* VideoProcessing */ = {
			isa = PBXGroup;
			children = (
				851652DB21F0793B0001C294 /* ringModel.h */,
				851652D921F0793B0001C294 /* ringModel.m */,
				851652DC21F0793B0001C294 /* RingManager.h */,
				851652DA21F0793B0001C294 /* RingManager.m */,
			);
			path = VideoProcessing;
			sourceTree = "<group>";
		};
		851652E021F079A70001C294 /* Frameworks */ = {
			isa = PBXGroup;
			children = (
				851652E521F079CE0001C294 /* libz.tbd */,
				851652E321F079C20001C294 /* libbz2.tbd */,
				851652E121F079A80001C294 /* libiconv.tbd */,
			);
			name = Frameworks;
			sourceTree = "<group>";
		};
/* End PBXGroup section */

/* Begin PBXNativeTarget section */
		8516524221F0776C0001C294 /* 提取视频中的音频 */ = {
			isa = PBXNativeTarget;
			buildConfigurationList = 8516525921F077700001C294 /* Build configuration list for PBXNativeTarget "提取视频中的音频" */;
			buildPhases = (
				8516523F21F0776C0001C294 /* Sources */,
				8516524021F0776C0001C294 /* Frameworks */,
				8516524121F0776C0001C294 /* Resources */,
			);
			buildRules = (
			);
			dependencies = (
			);
			name = "提取视频中的音频";
			productName = "提取视频中的音频";
			productReference = 8516524321F0776C0001C294 /* 提取视频中的音频.app */;
			productType = "com.apple.product-type.application";
		};
/* End PBXNativeTarget section */

/* Begin PBXProject section */
		8516523B21F0776C0001C294 /* Project object */ = {
			isa = PBXProject;
			attributes = {
				LastUpgradeCheck = 1010;
				ORGANIZATIONNAME = "刘宣";
				TargetAttributes = {
					8516524221F0776C0001C294 = {
						CreatedOnToolsVersion = 10.1;
					};
				};
			};
			buildConfigurationList = 8516523E21F0776C0001C294 /* Build configuration list for PBXProject "提取视频中的音频" */;
			compatibilityVersion = "Xcode 9.3";
			developmentRegion = en;
			hasScannedForEncodings = 0;
			knownRegions = (
				en,
				Base,
			);
			mainGroup = 8516523A21F0776C0001C294;
			productRefGroup = 8516524421F0776C0001C294 /* Products */;
			projectDirPath = "";
			projectRoot = "";
			targets = (
				8516524221F0776C0001C294 /* 提取视频中的音频 */,
			);
		};
/* End PBXProject section */

/* Begin PBXResourcesBuildPhase section */
		8516524121F0776C0001C294 /* Resources */ = {
			isa = PBXResourcesBuildPhase;
			buildActionMask = 2147483647;
			files = (
				8516525321F077700001C294 /* LaunchScreen.storyboard in Resources */,
				8516525021F0776F0001C294 /* Assets.xcassets in Resources */,
				8516524E21F0776C0001C294 /* Main.storyboard in Resources */,
			);
			runOnlyForDeploymentPostprocessing = 0;
		};
/* End PBXResourcesBuildPhase section */

/* Begin PBXSourcesBuildPhase section */
		8516523F21F0776C0001C294 /* Sources */ = {
			isa = PBXSourcesBuildPhase;
			buildActionMask = 2147483647;
			files = (
				8516524B21F0776C0001C294 /* ViewController.m in Sources */,
				8516525621F077700001C294 /* main.m in Sources */,
				8516524821F0776C0001C294 /* AppDelegate.m in Sources */,
				851652DE21F0793B0001C294 /* RingManager.m in Sources */,
				851652DD21F0793B0001C294 /* ringModel.m in Sources */,
			);
			runOnlyForDeploymentPostprocessing = 0;
		};
/* End PBXSourcesBuildPhase section */

/* Begin PBXVariantGroup section */
		8516524C21F0776C0001C294 /* Main.storyboard */ = {
			isa = PBXVariantGroup;
			children = (
				8516524D21F0776C0001C294 /* Base */,
			);
			name = Main.storyboard;
			sourceTree = "<group>";
		};
		8516525121F077700001C294 /* LaunchScreen.storyboard */ = {
			isa = PBXVariantGroup;
			children = (
				8516525221F077700001C294 /* Base */,
			);
			name = LaunchScreen.storyboard;
			sourceTree = "<group>";
		};
/* End PBXVariantGroup section */

/* Begin XCBuildConfiguration section */
		8516525721F077700001C294 /* Debug */ = {
			isa = XCBuildConfiguration;
			buildSettings = {
				ALWAYS_SEARCH_USER_PATHS = NO;
				CLANG_ANALYZER_NONNULL = YES;
				CLANG_ANALYZER_NUMBER_OBJECT_CONVERSION = YES_AGGRESSIVE;
				CLANG_CXX_LANGUAGE_STANDARD = "gnu++14";
				CLANG_CXX_LIBRARY = "libc++";
				CLANG_ENABLE_MODULES = YES;
				CLANG_ENABLE_OBJC_ARC = YES;
				CLANG_ENABLE_OBJC_WEAK = YES;
				CLANG_WARN_BLOCK_CAPTURE_AUTORELEASING = YES;
				CLANG_WARN_BOOL_CONVERSION = YES;
				CLANG_WARN_COMMA = YES;
				CLANG_WARN_CONSTANT_CONVERSION = YES;
				CLANG_WARN_DEPRECATED_OBJC_IMPLEMENTATIONS = YES;
				CLANG_WARN_DIRECT_OBJC_ISA_USAGE = YES_ERROR;
				CLANG_WARN_DOCUMENTATION_COMMENTS = YES;
				CLANG_WARN_EMPTY_BODY = YES;
				CLANG_WARN_ENUM_CONVERSION = YES;
				CLANG_WARN_INFINITE_RECURSION = YES;
				CLANG_WARN_INT_CONVERSION = YES;
				CLANG_WARN_NON_LITERAL_NULL_CONVERSION = YES;
				CLANG_WARN_OBJC_IMPLICIT_RETAIN_SELF = YES;
				CLANG_WARN_OBJC_LITERAL_CONVERSION = YES;
				CLANG_WARN_OBJC_ROOT_CLASS = YES_ERROR;
				CLANG_WARN_RANGE_LOOP_ANALYSIS = YES;
				CLANG_WARN_STRICT_PROTOTYPES = YES;
				CLANG_WARN_SUSPICIOUS_MOVE = YES;
				CLANG_WARN_UNGUARDED_AVAILABILITY = YES_AGGRESSIVE;
				CLANG_WARN_UNREACHABLE_CODE = YES;
				CLANG_WARN__DUPLICATE_METHOD_MATCH = YES;
				CODE_SIGN_IDENTITY = "iPhone Developer";
				COPY_PHASE_STRIP = NO;
				DEBUG_INFORMATION_FORMAT = dwarf;
				ENABLE_STRICT_OBJC_MSGSEND = YES;
				ENABLE_TESTABILITY = YES;
				GCC_C_LANGUAGE_STANDARD = gnu11;
				GCC_DYNAMIC_NO_PIC = NO;
				GCC_NO_COMMON_BLOCKS = YES;
				GCC_OPTIMIZATION_LEVEL = 0;
				GCC_PREPROCESSOR_DEFINITIONS = (
					"DEBUG=1",
					"$(inherited)",
				);
				GCC_WARN_64_TO_32_BIT_CONVERSION = YES;
				GCC_WARN_ABOUT_RETURN_TYPE = YES_ERROR;
				GCC_WARN_UNDECLARED_SELECTOR = YES;
				GCC_WARN_UNINITIALIZED_AUTOS = YES_AGGRESSIVE;
				GCC_WARN_UNUSED_FUNCTION = YES;
				GCC_WARN_UNUSED_VARIABLE = YES;
				IPHONEOS_DEPLOYMENT_TARGET = 12.1;
				MTL_ENABLE_DEBUG_INFO = INCLUDE_SOURCE;
				MTL_FAST_MATH = YES;
				ONLY_ACTIVE_ARCH = YES;
				SDKROOT = iphoneos;
			};
			name = Debug;
		};
		8516525821F077700001C294 /* Release */ = {
			isa = XCBuildConfiguration;
			buildSettings = {
				ALWAYS_SEARCH_USER_PATHS = NO;
				CLANG_ANALYZER_NONNULL = YES;
				CLANG_ANALYZER_NUMBER_OBJECT_CONVERSION = YES_AGGRESSIVE;
				CLANG_CXX_LANGUAGE_STANDARD = "gnu++14";
				CLANG_CXX_LIBRARY = "libc++";
				CLANG_ENABLE_MODULES = YES;
				CLANG_ENABLE_OBJC_ARC = YES;
				CLANG_ENABLE_OBJC_WEAK = YES;
				CLANG_WARN_BLOCK_CAPTURE_AUTORELEASING = YES;
				CLANG_WARN_BOOL_CONVERSION = YES;
				CLANG_WARN_COMMA = YES;
				CLANG_WARN_CONSTANT_CONVERSION = YES;
				CLANG_WARN_DEPRECATED_OBJC_IMPLEMENTATIONS = YES;
				CLANG_WARN_DIRECT_OBJC_ISA_USAGE = YES_ERROR;
				CLANG_WARN_DOCUMENTATION_COMMENTS = YES;
				CLANG_WARN_EMPTY_BODY = YES;
				CLANG_WARN_ENUM_CONVERSION = YES;
				CLANG_WARN_INFINITE_RECURSION = YES;
				CLANG_WARN_INT_CONVERSION = YES;
				CLANG_WARN_NON_LITERAL_NULL_CONVERSION = YES;
				CLANG_WARN_OBJC_IMPLICIT_RETAIN_SELF = YES;
				CLANG_WARN_OBJC_LITERAL_CONVERSION = YES;
				CLANG_WARN_OBJC_ROOT_CLASS = YES_ERROR;
				CLANG_WARN_RANGE_LOOP_ANALYSIS = YES;
				CLANG_WARN_STRICT_PROTOTYPES = YES;
				CLANG_WARN_SUSPICIOUS_MOVE = YES;
				CLANG_WARN_UNGUARDED_AVAILABILITY = YES_AGGRESSIVE;
				CLANG_WARN_UNREACHABLE_CODE = YES;
				CLANG_WARN__DUPLICATE_METHOD_MATCH = YES;
				CODE_SIGN_IDENTITY = "iPhone Developer";
				COPY_PHASE_STRIP = NO;
				DEBUG_INFORMATION_FORMAT = "dwarf-with-dsym";
				ENABLE_NS_ASSERTIONS = NO;
				ENABLE_STRICT_OBJC_MSGSEND = YES;
				GCC_C_LANGUAGE_STANDARD = gnu11;
				GCC_NO_COMMON_BLOCKS = YES;
				GCC_WARN_64_TO_32_BIT_CONVERSION = YES;
				GCC_WARN_ABOUT_RETURN_TYPE = YES_ERROR;
				GCC_WARN_UNDECLARED_SELECTOR = YES;
				GCC_WARN_UNINITIALIZED_AUTOS = YES_AGGRESSIVE;
				GCC_WARN_UNUSED_FUNCTION = YES;
				GCC_WARN_UNUSED_VARIABLE = YES;
				IPHONEOS_DEPLOYMENT_TARGET = 12.1;
				MTL_ENABLE_DEBUG_INFO = NO;
				MTL_FAST_MATH = YES;
				SDKROOT = iphoneos;
				VALIDATE_PRODUCT = YES;
			};
			name = Release;
		};
		8516525A21F077700001C294 /* Debug */ = {
			isa = XCBuildConfiguration;
			buildSettings = {
				ASSETCATALOG_COMPILER_APPICON_NAME = AppIcon;
				CODE_SIGN_STYLE = Automatic;
				DEVELOPMENT_TEAM = TCJ9QY6H47;
				GCC_PREFIX_HEADER = "提取视频中的音频/PrefixHeader.pch";
				INFOPLIST_FILE = "提取视频中的音频/Info.plist";
				LD_RUNPATH_SEARCH_PATHS = (
					"$(inherited)",
					"@executable_path/Frameworks",
				);
				LIBRARY_SEARCH_PATHS = (
					"$(inherited)",
					"$(PROJECT_DIR)/提取视频中的音频/需要的第三方/FFmpeg-iOS/lib",
				);
				PRODUCT_BUNDLE_IDENTIFIER = "babalia.--------";
				PRODUCT_NAME = "$(TARGET_NAME)";
				TARGETED_DEVICE_FAMILY = "1,2";
			};
			name = Debug;
		};
		8516525B21F077700001C294 /* Release */ = {
			isa = XCBuildConfiguration;
			buildSettings = {
				ASSETCATALOG_COMPILER_APPICON_NAME = AppIcon;
				CODE_SIGN_STYLE = Automatic;
				DEVELOPMENT_TEAM = TCJ9QY6H47;
				GCC_PREFIX_HEADER = "提取视频中的音频/PrefixHeader.pch";
				INFOPLIST_FILE = "提取视频中的音频/Info.plist";
				LD_RUNPATH_SEARCH_PATHS = (
					"$(inherited)",
					"@executable_path/Frameworks",
				);
				LIBRARY_SEARCH_PATHS = (
					"$(inherited)",
					"$(PROJECT_DIR)/提取视频中的音频/需要的第三方/FFmpeg-iOS/lib",
				);
				PRODUCT_BUNDLE_IDENTIFIER = "babalia.--------";
				PRODUCT_NAME = "$(TARGET_NAME)";
				TARGETED_DEVICE_FAMILY = "1,2";
			};
			name = Release;
		};
/* End XCBuildConfiguration section */

/* Begin XCConfigurationList section */
		8516523E21F0776C0001C294 /* Build configuration list for PBXProject "提取视频中的音频" */ = {
			isa = XCConfigurationList;
			buildConfigurations = (
				8516525721F077700001C294 /* Debug */,
				8516525821F077700001C294 /* Release */,
			);
			defaultConfigurationIsVisible = 0;
			defaultConfigurationName = Release;
		};
		8516525921F077700001C294 /* Build configuration list for PBXNativeTarget "提取视频中的音频" */ = {
			isa = XCConfigurationList;
			buildConfigurations = (
				8516525A21F077700001C294 /* Debug */,
				8516525B21F077700001C294 /* Release */,
			);
			defaultConfigurationIsVisible = 0;
			defaultConfigurationName = Release;
		};
/* End XCConfigurationList section */
	};
	rootObject = 8516523B21F0776C0001C294 /* Project object */;
}
